{
  "nodes": {
    "burpsuitepro": {
      "inputs": {
        "nixpkgs": [
          "nixpkgs"
        ]
      },
      "locked": {
        "lastModified": 1779958076,
        "narHash": "sha256-P6SuIRPJqPqbo7rKpLVo4Z0FUZWLwSVtrUDsFtHe9aY=",
        "owner": "xiv3r",
        "repo": "Burpsuite-Professional",
        "rev": "6487071f846f62f51d70a3cf565bfcb4082b1f1b",
        "type": "github"
      },
      "original": {
        "owner": "xiv3r",
        "repo": "Burpsuite-Professional",
        "type": "github"
      }
    },
    "home-manager": {
      "inputs": {
        "nixpkgs": [
          "nixpkgs"
        ]
      },
      "locked": {
        "lastModified": 1773323358,
        "narHash": "sha256-V4GRaWQVlifArbXYyUUBYOePtpEaFGCeUSsg2+/pcTM=",
        "owner": "nix-community",
        "repo": "home-manager",
        "rev": "f9482fd109f0d3235847a35969b69c8b892cd6af",
        "type": "github"
      },
      "original": {
        "owner": "nix-community",
        "repo": "home-manager",
        "type": "github"
      }
    },
    "nixpkgs": {
      "locked": {
        "lastModified": 1773122722,
        "narHash": "sha256-FIqHByVqxCprNjor1NqF80F2QQoiiyqanNNefdlvOg4=",
        "owner": "NixOS",
        "repo": "nixpkgs",
        "rev": "62dc67aa6a52b4364dd75994ec00b51fbf474e50",
        "type": "github"
      },
      "original": {
        "owner": "NixOS",
        "ref": "nixos-unstable",
        "repo": "nixpkgs",
        "type": "github"
      }
    },
    "root": {
      "inputs": {
        "burpsuitepro": "burpsuitepro",
        "home-manager": "home-manager",
        "nixpkgs": "nixpkgs"
      }
    }
  },
  "root": "root",
  "version": 7
}
